dependencies:
- name: mysql
  repository: file://../mysql
  version: 8.0.31
- name: oai-nrf
  repository: file://../oai-nrf
  version: v1.5.1
- name: oai-udr
  repository: file://../oai-udr
  version: v1.5.1
- name: oai-udm
  repository: file://../oai-udm
  version: v1.5.1
- name: oai-ausf
  repository: file://../oai-ausf
  version: v1.5.1
- name: oai-amf
  repository: file://../oai-amf
  version: v1.5.1
- name: oai-smf
  repository: file://../oai-smf
  version: v1.5.1
- name: oai-spgwu-tiny
  repository: file://../oai-spgwu-tiny
  version: v1.5.1
- name: oai-spgwu-tiny2
  repository: file://../oai-spgwu-tiny2
  version: v1.5.1
- name: oai-spgwu-tiny3
  repository: file://../oai-spgwu-tiny3
  version: v1.5.1
- name: oai-traffic-server
  repository: file://../oai-traffic-server
  version: v1
digest: sha256:4dcc8607279afa08e69462b67e434715ea37911ae5c140e1bf2df4f8dee4b611
generated: "2024-07-03T16:12:28.610252445Z"
